// !$*UTF8*$!
{
	archiveVersion = 1;
	classes = {
	};
	objectVersion = 55;
	objects = {

/* Begin PBXBuildFile section */
		045694ED2913C7B5004A92E1 /* GoogleService-Info.plist in Resources */ = {isa = PBXBuildFile; fileRef = 045694EC2913C7B5004A92E1 /* GoogleService-Info.plist */; };
		0456952E2913CA4A004A92E1 /* Observer.swift in Sources */ = {isa = PBXBuildFile; fileRef = 0456952D2913CA4A004A92E1 /* Observer.swift */; };
		045695322913CDA7004A92E1 /* FireBaseManager.swift in Sources */ = {isa = PBXBuildFile; fileRef = 045695312913CDA7004A92E1 /* FireBaseManager.swift */; };
		045695342913CEDD004A92E1 /* UserProfileModel.swift in Sources */ = {isa = PBXBuildFile; fileRef = 045695332913CEDD004A92E1 /* UserProfileModel.swift */; };
		045695372913D9A5004A92E1 /* AccountManager.swift in Sources */ = {isa = PBXBuildFile; fileRef = 045695362913D9A5004A92E1 /* AccountManager.swift */; };
		0456953B2913DA4F004A92E1 /* Utils.swift in Sources */ = {isa = PBXBuildFile; fileRef = 0456953A2913DA4F004A92E1 /* Utils.swift */; };
		0456953E2913DF6A004A92E1 /* FirebaseAnalytics in Frameworks */ = {isa = PBXBuildFile; productRef = 0456953D2913DF6A004A92E1 /* FirebaseAnalytics */; };
		045695402913DF6A004A92E1 /* FirebaseAuth in Frameworks */ = {isa = PBXBuildFile; productRef = 0456953F2913DF6A004A92E1 /* FirebaseAuth */; };
		045695422913DF6A004A92E1 /* FirebaseDatabase in Frameworks */ = {isa = PBXBuildFile; productRef = 045695412913DF6A004A92E1 /* FirebaseDatabase */; };
		045695442913DF6A004A92E1 /* FirebaseFirestore in Frameworks */ = {isa = PBXBuildFile; productRef = 045695432913DF6A004A92E1 /* FirebaseFirestore */; };
		045695462913DF6A004A92E1 /* FirebaseStorage in Frameworks */ = {isa = PBXBuildFile; productRef = 045695452913DF6A004A92E1 /* FirebaseStorage */; };
		045695482913E3E1004A92E1 /* LogInViewController.swift in Sources */ = {isa = PBXBuildFile; fileRef = 045695472913E3E1004A92E1 /* LogInViewController.swift */; };
		0456954A2913E563004A92E1 /* BaseViewController.swift in Sources */ = {isa = PBXBuildFile; fileRef = 045695492913E563004A92E1 /* BaseViewController.swift */; };
		0456954C2913E5EE004A92E1 /* LogInViewModel.swift in Sources */ = {isa = PBXBuildFile; fileRef = 0456954B2913E5EE004A92E1 /* LogInViewModel.swift */; };
		0492DF8A29137496006E609C /* AppDelegate.swift in Sources */ = {isa = PBXBuildFile; fileRef = 0492DF8929137496006E609C /* AppDelegate.swift */; };
		0492DF8C29137496006E609C /* SceneDelegate.swift in Sources */ = {isa = PBXBuildFile; fileRef = 0492DF8B29137496006E609C /* SceneDelegate.swift */; };
		0492DF8E29137496006E609C /* SignUpViewController.swift in Sources */ = {isa = PBXBuildFile; fileRef = 0492DF8D29137496006E609C /* SignUpViewController.swift */; };
		0492DF9129137496006E609C /* Main.storyboard in Resources */ = {isa = PBXBuildFile; fileRef = 0492DF8F29137496006E609C /* Main.storyboard */; };
		0492DF9329137497006E609C /* Assets.xcassets in Resources */ = {isa = PBXBuildFile; fileRef = 0492DF9229137497006E609C /* Assets.xcassets */; };
		0492DF9629137497006E609C /* LaunchScreen.storyboard in Resources */ = {isa = PBXBuildFile; fileRef = 0492DF9429137497006E609C /* LaunchScreen.storyboard */; };
/* End PBXBuildFile section */

/* Begin PBXFileReference section */
		045694EC2913C7B5004A92E1 /* GoogleService-Info.plist */ = {isa = PBXFileReference; fileEncoding = 4; lastKnownFileType = text.plist.xml; path = "GoogleService-Info.plist"; sourceTree = "<group>"; };
		0456952D2913CA4A004A92E1 /* Observer.swift */ = {isa = PBXFileReference; lastKnownFileType = sourcecode.swift; path = Observer.swift; sourceTree = "<group>"; };
		045695312913CDA7004A92E1 /* FireBaseManager.swift */ = {isa = PBXFileReference; lastKnownFileType = sourcecode.swift; path = FireBaseManager.swift; sourceTree = "<group>"; };
		045695332913CEDD004A92E1 /* UserProfileModel.swift */ = {isa = PBXFileReference; lastKnownFileType = sourcecode.swift; path = UserProfileModel.swift; sourceTree = "<group>"; };
		045695362913D9A5004A92E1 /* AccountManager.swift */ = {isa = PBXFileReference; lastKnownFileType = sourcecode.swift; path = AccountManager.swift; sourceTree = "<group>"; };
		0456953A2913DA4F004A92E1 /* Utils.swift */ = {isa = PBXFileReference; lastKnownFileType = sourcecode.swift; path = Utils.swift; sourceTree = "<group>"; };
		045695472913E3E1004A92E1 /* LogInViewController.swift */ = {isa = PBXFileReference; lastKnownFileType = sourcecode.swift; path = LogInViewController.swift; sourceTree = "<group>"; };
		045695492913E563004A92E1 /* BaseViewController.swift */ = {isa = PBXFileReference; lastKnownFileType = sourcecode.swift; path = BaseViewController.swift; sourceTree = "<group>"; };
		0456954B2913E5EE004A92E1 /* LogInViewModel.swift */ = {isa = PBXFileReference; lastKnownFileType = sourcecode.swift; path = LogInViewModel.swift; sourceTree = "<group>"; };
		0492DF8629137496006E609C /* MvvmDemoFireBase.app */ = {isa = PBXFileReference; explicitFileType = wrapper.application; includeInIndex = 0; path = MvvmDemoFireBase.app; sourceTree = BUILT_PRODUCTS_DIR; };
		0492DF8929137496006E609C /* AppDelegate.swift */ = {isa = PBXFileReference; lastKnownFileType = sourcecode.swift; path = AppDelegate.swift; sourceTree = "<group>"; };
		0492DF8B29137496006E609C /* SceneDelegate.swift */ = {isa = PBXFileReference; lastKnownFileType = sourcecode.swift; path = SceneDelegate.swift; sourceTree = "<group>"; };
		0492DF8D29137496006E609C /* SignUpViewController.swift */ = {isa = PBXFileReference; lastKnownFileType = sourcecode.swift; path = SignUpViewController.swift; sourceTree = "<group>"; };
		0492DF9029137496006E609C /* Base */ = {isa = PBXFileReference; lastKnownFileType = file.storyboard; name = Base; path = Base.lproj/Main.storyboard; sourceTree = "<group>"; };
		0492DF9229137497006E609C /* Assets.xcassets */ = {isa = PBXFileReference; lastKnownFileType = folder.assetcatalog; path = Assets.xcassets; sourceTree = "<group>"; };
		0492DF9529137497006E609C /* Base */ = {isa = PBXFileReference; lastKnownFileType = file.storyboard; name = Base; path = Base.lproj/LaunchScreen.storyboard; sourceTree = "<group>"; };
		0492DF9729137497006E609C /* Info.plist */ = {isa = PBXFileReference; lastKnownFileType = text.plist.xml; path = Info.plist; sourceTree = "<group>"; };
/* End PBXFileReference section */

/* Begin PBXFrameworksBuildPhase section */
		0492DF8329137496006E609C /* Frameworks */ = {
			isa = PBXFrameworksBuildPhase;
			buildActionMask = 2147483647;
			files = (
				045695422913DF6A004A92E1 /* FirebaseDatabase in Frameworks */,
				045695442913DF6A004A92E1 /* FirebaseFirestore in Frameworks */,
				0456953E2913DF6A004A92E1 /* FirebaseAnalytics in Frameworks */,
				045695462913DF6A004A92E1 /* FirebaseStorage in Frameworks */,
				045695402913DF6A004A92E1 /* FirebaseAuth in Frameworks */,
			);
			runOnlyForDeploymentPostprocessing = 0;
		};
/* End PBXFrameworksBuildPhase section */

/* Begin PBXGroup section */
		045695252913C877004A92E1 /* Model */ = {
			isa = PBXGroup;
			children = (
				045695332913CEDD004A92E1 /* UserProfileModel.swift */,
			);
			path = Model;
			sourceTree = "<group>";
		};
		045695262913C882004A92E1 /* ViewModel */ = {
			isa = PBXGroup;
			children = (
				0456954B2913E5EE004A92E1 /* LogInViewModel.swift */,
			);
			path = ViewModel;
			sourceTree = "<group>";
		};
		045695272913C88E004A92E1 /* View */ = {
			isa = PBXGroup;
			children = (
				045695292913C8AB004A92E1 /* Controller */,
				045695282913C89F004A92E1 /* Storyboard */,
			);
			path = View;
			sourceTree = "<group>";
		};
		045695282913C89F004A92E1 /* Storyboard */ = {
			isa = PBXGroup;
			children = (
				0492DF8F29137496006E609C /* Main.storyboard */,
				0492DF9429137497006E609C /* LaunchScreen.storyboard */,
			);
			path = Storyboard;
			sourceTree = "<group>";
		};
		045695292913C8AB004A92E1 /* Controller */ = {
			isa = PBXGroup;
			children = (
				045695492913E563004A92E1 /* BaseViewController.swift */,
				0492DF8D29137496006E609C /* SignUpViewController.swift */,
				045695472913E3E1004A92E1 /* LogInViewController.swift */,
			);
			path = Controller;
			sourceTree = "<group>";
		};
		0456952A2913C8BE004A92E1 /* Class */ = {
			isa = PBXGroup;
			children = (
			);
			path = Class;
			sourceTree = "<group>";
		};
		0456952B2913C8CA004A92E1 /* Observer */ = {
			isa = PBXGroup;
			children = (
				0456952D2913CA4A004A92E1 /* Observer.swift */,
			);
			path = Observer;
			sourceTree = "<group>";
		};
		0456952C2913C8E0004A92E1 /* Resource */ = {
			isa = PBXGroup;
			children = (
				0492DF9229137497006E609C /* Assets.xcassets */,
			);
			path = Resource;
			sourceTree = "<group>";
		};
		0456952F2913CB7D004A92E1 /* Manager */ = {
			isa = PBXGroup;
			children = (
				045695352913D991004A92E1 /* AccountManager */,
				045695302913CB87004A92E1 /* FireBaseManager */,
			);
			path = Manager;
			sourceTree = "<group>";
		};
		045695302913CB87004A92E1 /* FireBaseManager */ = {
			isa = PBXGroup;
			children = (
				045695312913CDA7004A92E1 /* FireBaseManager.swift */,
			);
			path = FireBaseManager;
			sourceTree = "<group>";
		};
		045695352913D991004A92E1 /* AccountManager */ = {
			isa = PBXGroup;
			children = (
				045695362913D9A5004A92E1 /* AccountManager.swift */,
			);
			path = AccountManager;
			sourceTree = "<group>";
		};
		045695382913DA26004A92E1 /* Helper */ = {
			isa = PBXGroup;
			children = (
				045695392913DA41004A92E1 /* Utils */,
			);
			path = Helper;
			sourceTree = "<group>";
		};
		045695392913DA41004A92E1 /* Utils */ = {
			isa = PBXGroup;
			children = (
				0456953A2913DA4F004A92E1 /* Utils.swift */,
			);
			path = Utils;
			sourceTree = "<group>";
		};
		0492DF7D29137496006E609C = {
			isa = PBXGroup;
			children = (
				0492DF8829137496006E609C /* MvvmDemoFireBase */,
				0492DF8729137496006E609C /* Products */,
			);
			sourceTree = "<group>";
		};
		0492DF8729137496006E609C /* Products */ = {
			isa = PBXGroup;
			children = (
				0492DF8629137496006E609C /* MvvmDemoFireBase.app */,
			);
			name = Products;
			sourceTree = "<group>";
		};
		0492DF8829137496006E609C /* MvvmDemoFireBase */ = {
			isa = PBXGroup;
			children = (
				0492DF8929137496006E609C /* AppDelegate.swift */,
				0492DF8B29137496006E609C /* SceneDelegate.swift */,
				045695382913DA26004A92E1 /* Helper */,
				0456952C2913C8E0004A92E1 /* Resource */,
				0456952F2913CB7D004A92E1 /* Manager */,
				0456952B2913C8CA004A92E1 /* Observer */,
				0456952A2913C8BE004A92E1 /* Class */,
				045695272913C88E004A92E1 /* View */,
				045695262913C882004A92E1 /* ViewModel */,
				045695252913C877004A92E1 /* Model */,
				0492DF9729137497006E609C /* Info.plist */,
				045694EC2913C7B5004A92E1 /* GoogleService-Info.plist */,
			);
			path = MvvmDemoFireBase;
			sourceTree = "<group>";
		};
/* End PBXGroup section */

/* Begin PBXNativeTarget section */
		0492DF8529137496006E609C /* MvvmDemoFireBase */ = {
			isa = PBXNativeTarget;
			buildConfigurationList = 0492DF9A29137497006E609C /* Build configuration list for PBXNativeTarget "MvvmDemoFireBase" */;
			buildPhases = (
				0492DF8229137496006E609C /* Sources */,
				0492DF8329137496006E609C /* Frameworks */,
				0492DF8429137496006E609C /* Resources */,
			);
			buildRules = (
			);
			dependencies = (
			);
			name = MvvmDemoFireBase;
			packageProductDependencies = (
				0456953D2913DF6A004A92E1 /* FirebaseAnalytics */,
				0456953F2913DF6A004A92E1 /* FirebaseAuth */,
				045695412913DF6A004A92E1 /* FirebaseDatabase */,
				045695432913DF6A004A92E1 /* FirebaseFirestore */,
				045695452913DF6A004A92E1 /* FirebaseStorage */,
			);
			productName = MvvmDemoFireBase;
			productReference = 0492DF8629137496006E609C /* MvvmDemoFireBase.app */;
			productType = "com.apple.product-type.application";
		};
/* End PBXNativeTarget section */

/* Begin PBXProject section */
		0492DF7E29137496006E609C /* Project object */ = {
			isa = PBXProject;
			attributes = {
				BuildIndependentTargetsInParallel = 1;
				LastSwiftUpdateCheck = 1300;
				LastUpgradeCheck = 1300;
				TargetAttributes = {
					0492DF8529137496006E609C = {
						CreatedOnToolsVersion = 13.0;
					};
				};
			};
			buildConfigurationList = 0492DF8129137496006E609C /* Build configuration list for PBXProject "MvvmDemoFireBase" */;
			compatibilityVersion = "Xcode 13.0";
			developmentRegion = en;
			hasScannedForEncodings = 0;
			knownRegions = (
				en,
				Base,
			);
			mainGroup = 0492DF7D29137496006E609C;
			packageReferences = (
				0456953C2913DF6A004A92E1 /* XCRemoteSwiftPackageReference "firebase-ios-sdk" */,
			);
			productRefGroup = 0492DF8729137496006E609C /* Products */;
			projectDirPath = "";
			projectRoot = "";
			targets = (
				0492DF8529137496006E609C /* MvvmDemoFireBase */,
			);
		};
/* End PBXProject section */

/* Begin PBXResourcesBuildPhase section */
		0492DF8429137496006E609C /* Resources */ = {
			isa = PBXResourcesBuildPhase;
			buildActionMask = 2147483647;
			files = (
				0492DF9629137497006E609C /* LaunchScreen.storyboard in Resources */,
				045694ED2913C7B5004A92E1 /* GoogleService-Info.plist in Resources */,
				0492DF9329137497006E609C /* Assets.xcassets in Resources */,
				0492DF9129137496006E609C /* Main.storyboard in Resources */,
			);
			runOnlyForDeploymentPostprocessing = 0;
		};
/* End PBXResourcesBuildPhase section */

/* Begin PBXSourcesBuildPhase section */
		0492DF8229137496006E609C /* Sources */ = {
			isa = PBXSourcesBuildPhase;
			buildActionMask = 2147483647;
			files = (
				0492DF8E29137496006E609C /* SignUpViewController.swift in Sources */,
				045695372913D9A5004A92E1 /* AccountManager.swift in Sources */,
				0456954C2913E5EE004A92E1 /* LogInViewModel.swift in Sources */,
				045695482913E3E1004A92E1 /* LogInViewController.swift in Sources */,
				0456952E2913CA4A004A92E1 /* Observer.swift in Sources */,
				0492DF8A29137496006E609C /* AppDelegate.swift in Sources */,
				0456954A2913E563004A92E1 /* BaseViewController.swift in Sources */,
				0492DF8C29137496006E609C /* SceneDelegate.swift in Sources */,
				045695342913CEDD004A92E1 /* UserProfileModel.swift in Sources */,
				045695322913CDA7004A92E1 /* FireBaseManager.swift in Sources */,
				0456953B2913DA4F004A92E1 /* Utils.swift in Sources */,
			);
			runOnlyForDeploymentPostprocessing = 0;
		};
/* End PBXSourcesBuildPhase section */

/* Begin PBXVariantGroup section */
		0492DF8F29137496006E609C /* Main.storyboard */ = {
			isa = PBXVariantGroup;
			children = (
				0492DF9029137496006E609C /* Base */,
			);
			name = Main.storyboard;
			sourceTree = "<group>";
		};
		0492DF9429137497006E609C /* LaunchScreen.storyboard */ = {
			isa = PBXVariantGroup;
			children = (
				0492DF9529137497006E609C /* Base */,
			);
			name = LaunchScreen.storyboard;
			sourceTree = "<group>";
		};
/* End PBXVariantGroup section */

/* Begin XCBuildConfiguration section */
		0492DF9829137497006E609C /* Debug */ = {
			isa = XCBuildConfiguration;
			buildSettings = {
				ALWAYS_SEARCH_USER_PATHS = NO;
				CLANG_ANALYZER_NONNULL = YES;
				CLANG_ANALYZER_NUMBER_OBJECT_CONVERSION = YES_AGGRESSIVE;
				CLANG_CXX_LANGUAGE_STANDARD = "gnu++17";
				CLANG_CXX_LIBRARY = "libc++";
				CLANG_ENABLE_MODULES = YES;
				CLANG_ENABLE_OBJC_ARC = YES;
				CLANG_ENABLE_OBJC_WEAK = YES;
				CLANG_WARN_BLOCK_CAPTURE_AUTORELEASING = YES;
				CLANG_WARN_BOOL_CONVERSION = YES;
				CLANG_WARN_COMMA = YES;
				CLANG_WARN_CONSTANT_CONVERSION = YES;
				CLANG_WARN_DEPRECATED_OBJC_IMPLEMENTATIONS = YES;
				CLANG_WARN_DIRECT_OBJC_ISA_USAGE = YES_ERROR;
				CLANG_WARN_DOCUMENTATION_COMMENTS = YES;
				CLANG_WARN_EMPTY_BODY = YES;
				CLANG_WARN_ENUM_CONVERSION = YES;
				CLANG_WARN_INFINITE_RECURSION = YES;
				CLANG_WARN_INT_CONVERSION = YES;
				CLANG_WARN_NON_LITERAL_NULL_CONVERSION = YES;
				CLANG_WARN_OBJC_IMPLICIT_RETAIN_SELF = YES;
				CLANG_WARN_OBJC_LITERAL_CONVERSION = YES;
				CLANG_WARN_OBJC_ROOT_CLASS = YES_ERROR;
				CLANG_WARN_QUOTED_INCLUDE_IN_FRAMEWORK_HEADER = YES;
				CLANG_WARN_RANGE_LOOP_ANALYSIS = YES;
				CLANG_WARN_STRICT_PROTOTYPES = YES;
				CLANG_WARN_SUSPICIOUS_MOVE = YES;
				CLANG_WARN_UNGUARDED_AVAILABILITY = YES_AGGRESSIVE;
				CLANG_WARN_UNREACHABLE_CODE = YES;
				CLANG_WARN__DUPLICATE_METHOD_MATCH = YES;
				COPY_PHASE_STRIP = NO;
				DEBUG_INFORMATION_FORMAT = dwarf;
				ENABLE_STRICT_OBJC_MSGSEND = YES;
				ENABLE_TESTABILITY = YES;
				GCC_C_LANGUAGE_STANDARD = gnu11;
				GCC_DYNAMIC_NO_PIC = NO;
				GCC_NO_COMMON_BLOCKS = YES;
				GCC_OPTIMIZATION_LEVEL = 0;
				GCC_PREPROCESSOR_DEFINITIONS = (
					"DEBUG=1",
					"$(inherited)",
				);
				GCC_WARN_64_TO_32_BIT_CONVERSION = YES;
				GCC_WARN_ABOUT_RETURN_TYPE = YES_ERROR;
				GCC_WARN_UNDECLARED_SELECTOR = YES;
				GCC_WARN_UNINITIALIZED_AUTOS = YES_AGGRESSIVE;
				GCC_WARN_UNUSED_FUNCTION = YES;
				GCC_WARN_UNUSED_VARIABLE = YES;
				IPHONEOS_DEPLOYMENT_TARGET = 15.0;
				MTL_ENABLE_DEBUG_INFO = INCLUDE_SOURCE;
				MTL_FAST_MATH = YES;
				ONLY_ACTIVE_ARCH = YES;
				SDKROOT = iphoneos;
				SWIFT_ACTIVE_COMPILATION_CONDITIONS = DEBUG;
				SWIFT_OPTIMIZATION_LEVEL = "-Onone";
			};
			name = Debug;
		};
		0492DF9929137497006E609C /* Release */ = {
			isa = XCBuildConfiguration;
			buildSettings = {
				ALWAYS_SEARCH_USER_PATHS = NO;
				CLANG_ANALYZER_NONNULL = YES;
				CLANG_ANALYZER_NUMBER_OBJECT_CONVERSION = YES_AGGRESSIVE;
				CLANG_CXX_LANGUAGE_STANDARD = "gnu++17";
				CLANG_CXX_LIBRARY = "libc++";
				CLANG_ENABLE_MODULES = YES;
				CLANG_ENABLE_OBJC_ARC = YES;
				CLANG_ENABLE_OBJC_WEAK = YES;
				CLANG_WARN_BLOCK_CAPTURE_AUTORELEASING = YES;
				CLANG_WARN_BOOL_CONVERSION = YES;
				CLANG_WARN_COMMA = YES;
				CLANG_WARN_CONSTANT_CONVERSION = YES;
				CLANG_WARN_DEPRECATED_OBJC_IMPLEMENTATIONS = YES;
				CLANG_WARN_DIRECT_OBJC_ISA_USAGE = YES_ERROR;
				CLANG_WARN_DOCUMENTATION_COMMENTS = YES;
				CLANG_WARN_EMPTY_BODY = YES;
				CLANG_WARN_ENUM_CONVERSION = YES;
				CLANG_WARN_INFINITE_RECURSION = YES;
				CLANG_WARN_INT_CONVERSION = YES;
				CLANG_WARN_NON_LITERAL_NULL_CONVERSION = YES;
				CLANG_WARN_OBJC_IMPLICIT_RETAIN_SELF = YES;
				CLANG_WARN_OBJC_LITERAL_CONVERSION = YES;
				CLANG_WARN_OBJC_ROOT_CLASS = YES_ERROR;
				CLANG_WARN_QUOTED_INCLUDE_IN_FRAMEWORK_HEADER = YES;
				CLANG_WARN_RANGE_LOOP_ANALYSIS = YES;
				CLANG_WARN_STRICT_PROTOTYPES = YES;
				CLANG_WARN_SUSPICIOUS_MOVE = YES;
				CLANG_WARN_UNGUARDED_AVAILABILITY = YES_AGGRESSIVE;
				CLANG_WARN_UNREACHABLE_CODE = YES;
				CLANG_WARN__DUPLICATE_METHOD_MATCH = YES;
				COPY_PHASE_STRIP = NO;
				DEBUG_INFORMATION_FORMAT = "dwarf-with-dsym";
				ENABLE_NS_ASSERTIONS = NO;
				ENABLE_STRICT_OBJC_MSGSEND = YES;
				GCC_C_LANGUAGE_STANDARD = gnu11;
				GCC_NO_COMMON_BLOCKS = YES;
				GCC_WARN_64_TO_32_BIT_CONVERSION = YES;
				GCC_WARN_ABOUT_RETURN_TYPE = YES_ERROR;
				GCC_WARN_UNDECLARED_SELECTOR = YES;
				GCC_WARN_UNINITIALIZED_AUTOS = YES_AGGRESSIVE;
				GCC_WARN_UNUSED_FUNCTION = YES;
				GCC_WARN_UNUSED_VARIABLE = YES;
				IPHONEOS_DEPLOYMENT_TARGET = 15.0;
				MTL_ENABLE_DEBUG_INFO = NO;
				MTL_FAST_MATH = YES;
				SDKROOT = iphoneos;
				SWIFT_COMPILATION_MODE = wholemodule;
				SWIFT_OPTIMIZATION_LEVEL = "-O";
				VALIDATE_PRODUCT = YES;
			};
			name = Release;
		};
		0492DF9B29137497006E609C /* Debug */ = {
			isa = XCBuildConfiguration;
			buildSettings = {
				ASSETCATALOG_COMPILER_APPICON_NAME = AppIcon;
				ASSETCATALOG_COMPILER_GLOBAL_ACCENT_COLOR_NAME = AccentColor;
				CODE_SIGN_STYLE = Automatic;
				CURRENT_PROJECT_VERSION = 1;
				GENERATE_INFOPLIST_FILE = YES;
				INFOPLIST_FILE = MvvmDemoFireBase/Info.plist;
				INFOPLIST_KEY_UIApplicationSupportsIndirectInputEvents = YES;
				INFOPLIST_KEY_UILaunchStoryboardName = LaunchScreen;
				INFOPLIST_KEY_UIMainStoryboardFile = Main;
				INFOPLIST_KEY_UISupportedInterfaceOrientations_iPad = "UIInterfaceOrientationPortrait UIInterfaceOrientationPortraitUpsideDown UIInterfaceOrientationLandscapeLeft UIInterfaceOrientationLandscapeRight";
				INFOPLIST_KEY_UISupportedInterfaceOrientations_iPhone = "UIInterfaceOrientationPortrait UIInterfaceOrientationLandscapeLeft UIInterfaceOrientationLandscapeRight";
				LD_RUNPATH_SEARCH_PATHS = (
					"$(inherited)",
					"@executable_path/Frameworks",
				);
				MARKETING_VERSION = 1.0;
				PRODUCT_BUNDLE_IDENTIFIER = com.addemo.MvvmDemoFireBase;
				PRODUCT_NAME = "$(TARGET_NAME)";
				SWIFT_EMIT_LOC_STRINGS = YES;
				SWIFT_VERSION = 5.0;
				TARGETED_DEVICE_FAMILY = "1,2";
			};
			name = Debug;
		};
		0492DF9C29137497006E609C /* Release */ = {
			isa = XCBuildConfiguration;
			buildSettings = {
				ASSETCATALOG_COMPILER_APPICON_NAME = AppIcon;
				ASSETCATALOG_COMPILER_GLOBAL_ACCENT_COLOR_NAME = AccentColor;
				CODE_SIGN_STYLE = Automatic;
				CURRENT_PROJECT_VERSION = 1;
				GENERATE_INFOPLIST_FILE = YES;
				INFOPLIST_FILE = MvvmDemoFireBase/Info.plist;
				INFOPLIST_KEY_UIApplicationSupportsIndirectInputEvents = YES;
				INFOPLIST_KEY_UILaunchStoryboardName = LaunchScreen;
				INFOPLIST_KEY_UIMainStoryboardFile = Main;
				INFOPLIST_KEY_UISupportedInterfaceOrientations_iPad = "UIInterfaceOrientationPortrait UIInterfaceOrientationPortraitUpsideDown UIInterfaceOrientationLandscapeLeft UIInterfaceOrientationLandscapeRight";
				INFOPLIST_KEY_UISupportedInterfaceOrientations_iPhone = "UIInterfaceOrientationPortrait UIInterfaceOrientationLandscapeLeft UIInterfaceOrientationLandscapeRight";
				LD_RUNPATH_SEARCH_PATHS = (
					"$(inherited)",
					"@executable_path/Frameworks",
				);
				MARKETING_VERSION = 1.0;
				PRODUCT_BUNDLE_IDENTIFIER = com.addemo.MvvmDemoFireBase;
				PRODUCT_NAME = "$(TARGET_NAME)";
				SWIFT_EMIT_LOC_STRINGS = YES;
				SWIFT_VERSION = 5.0;
				TARGETED_DEVICE_FAMILY = "1,2";
			};
			name = Release;
		};
/* End XCBuildConfiguration section */

/* Begin XCConfigurationList section */
		0492DF8129137496006E609C /* Build configuration list for PBXProject "MvvmDemoFireBase" */ = {
			isa = XCConfigurationList;
			buildConfigurations = (
				0492DF9829137497006E609C /* Debug */,
				0492DF9929137497006E609C /* Release */,
			);
			defaultConfigurationIsVisible = 0;
			defaultConfigurationName = Release;
		};
		0492DF9A29137497006E609C /* Build configuration list for PBXNativeTarget "MvvmDemoFireBase" */ = {
			isa = XCConfigurationList;
			buildConfigurations = (
				0492DF9B29137497006E609C /* Debug */,
				0492DF9C29137497006E609C /* Release */,
			);
			defaultConfigurationIsVisible = 0;
			defaultConfigurationName = Release;
		};
/* End XCConfigurationList section */

/* Begin XCRemoteSwiftPackageReference section */
		0456953C2913DF6A004A92E1 /* XCRemoteSwiftPackageReference "firebase-ios-sdk" */ = {
			isa = XCRemoteSwiftPackageReference;
			repositoryURL = "https://github.com/firebase/firebase-ios-sdk";
			requirement = {
				kind = upToNextMajorVersion;
				minimumVersion = 8.0.0;
			};
		};
/* End XCRemoteSwiftPackageReference section */

/* Begin XCSwiftPackageProductDependency section */
		0456953D2913DF6A004A92E1 /* FirebaseAnalytics */ = {
			isa = XCSwiftPackageProductDependency;
			package = 0456953C2913DF6A004A92E1 /* XCRemoteSwiftPackageReference "firebase-ios-sdk" */;
			productName = FirebaseAnalytics;
		};
		0456953F2913DF6A004A92E1 /* FirebaseAuth */ = {
			isa = XCSwiftPackageProductDependency;
			package = 0456953C2913DF6A004A92E1 /* XCRemoteSwiftPackageReference "firebase-ios-sdk" */;
			productName = FirebaseAuth;
		};
		045695412913DF6A004A92E1 /* FirebaseDatabase */ = {
			isa = XCSwiftPackageProductDependency;
			package = 0456953C2913DF6A004A92E1 /* XCRemoteSwiftPackageReference "firebase-ios-sdk" */;
			productName = FirebaseDatabase;
		};
		045695432913DF6A004A92E1 /* FirebaseFirestore */ = {
			isa = XCSwiftPackageProductDependency;
			package = 0456953C2913DF6A004A92E1 /* XCRemoteSwiftPackageReference "firebase-ios-sdk" */;
			productName = FirebaseFirestore;
		};
		045695452913DF6A004A92E1 /* FirebaseStorage */ = {
			isa = XCSwiftPackageProductDependency;
			package = 0456953C2913DF6A004A92E1 /* XCRemoteSwiftPackageReference "firebase-ios-sdk" */;
			productName = FirebaseStorage;
		};
/* End XCSwiftPackageProductDependency section */
	};
	rootObject = 0492DF7E29137496006E609C /* Project object */;
}
